{
  "originHash" : "82873eef29e8637edd47c86de59fa90da7679e863e89a2f98848958e21a4f80a",
  "pins" : [
    {
      "identity" : "appmetrica-sdk-ios",
      "kind" : "remoteSourceControl",
      "location" : "https://github.com/appmetrica/appmetrica-sdk-ios.git",
      "state" : {
        "revision" : "b7c28eb99c41d2c0caa9cf7d4beac7c597578188",
        "version" : "5.8.0"
      }
    },
    {
      "identity" : "kscrash",
      "kind" : "remoteSourceControl",
      "location" : "https://github.com/kstenerud/KSCrash",
      "state" : {
        "revision" : "353a7ea8f32e34b9008dd7aa6dc0b6466b7daf37",
        "version" : "2.0.0-rc.3"
      }
    },
    {
      "identity" : "swift-snapshot-testing",
      "kind" : "remoteSourceControl",
      "location" : "https://github.com/pointfreeco/swift-snapshot-testing",
      "state" : {
        "revision" : "c097f955b4e724690f0fc8ffb7a6d4b881c9c4e3",
        "version" : "1.17.2"
      }
    },
    {
      "identity" : "swift-syntax",
      "kind" : "remoteSourceControl",
      "location" : "https://github.com/swiftlang/swift-syntax",
      "state" : {
        "revision" : "4c6cc0a3b9e8f14b3ae2307c5ccae4de6167ac2c",
        "version" : "600.0.0-prerelease-2024-06-12"
      }
    }
  ],
  "version" : 3
}
