{
  "originHash" : "a5e0c7d10fdcff350a704575ebeda44ff6e3195aeb957e25c6f59185a4daf51b",
  "pins" : [
    {
      "identity" : "swinject",
      "kind" : "remoteSourceControl",
      "location" : "https://github.com/Swinject/Swinject.git",
      "state" : {
        "revision" : "b685b549fe4d8ae265fc7a2f27d0789720425d69",
        "version" : "2.10.0"
      }
    },
    {
      "identity" : "utils",
      "kind" : "remoteSourceControl",
      "location" : "https://github.com/alrzi/Utils.git",
      "state" : {
        "branch" : "main",
        "revision" : "b7c31f5bb5c3dda9cc66c3f771d0b0c09d65f3a4"
      }
    }
  ],
  "version" : 3
}
