// !$*UTF8*$!
{
	archiveVersion = 1;
	classes = {
	};
	objectVersion = 56;
	objects = {

/* Begin PBXBuildFile section */
		526FB3BDFB0484F475E3305F /* Pods_TrackerTests.framework in Frameworks */ = {isa = PBXBuildFile; fileRef = ED63C7EF66FAEB751E0D5348 /* Pods_TrackerTests.framework */; };
		D14F4C1BCB15881B7C68AE5C /* Pods_Tracker.framework in Frameworks */ = {isa = PBXBuildFile; fileRef = 90003960EBE3DE9E0500D2BE /* Pods_Tracker.framework */; };
		F9053E792A2C806400C93CC7 /* CreateNewCategoryViewModel.swift in Sources */ = {isa = PBXBuildFile; fileRef = F9053E782A2C806400C93CC7 /* CreateNewCategoryViewModel.swift */; };
		F918018629CEECCB00767F16 /* AppDelegate.swift in Sources */ = {isa = PBXBuildFile; fileRef = F918018529CEECCB00767F16 /* AppDelegate.swift */; };
		F918018829CEECCB00767F16 /* SceneDelegate.swift in Sources */ = {isa = PBXBuildFile; fileRef = F918018729CEECCB00767F16 /* SceneDelegate.swift */; };
		F918018A29CEECCB00767F16 /* TrackersViewController.swift in Sources */ = {isa = PBXBuildFile; fileRef = F918018929CEECCB00767F16 /* TrackersViewController.swift */; };
		F918018F29CEECCC00767F16 /* Assets.xcassets in Resources */ = {isa = PBXBuildFile; fileRef = F918018E29CEECCC00767F16 /* Assets.xcassets */; };
		F918019229CEECCC00767F16 /* LaunchScreen.storyboard in Resources */ = {isa = PBXBuildFile; fileRef = F918019029CEECCC00767F16 /* LaunchScreen.storyboard */; };
		F918019B29CEED3C00767F16 /* UIColor+Extension.swift in Sources */ = {isa = PBXBuildFile; fileRef = F918019A29CEED3C00767F16 /* UIColor+Extension.swift */; };
		F93160AB2A2F39BA003A96EC /* TrackerTests.swift in Sources */ = {isa = PBXBuildFile; fileRef = F93160AA2A2F39BA003A96EC /* TrackerTests.swift */; };
		F93160B32A2F3A8B003A96EC /* SnapshotTesting in Frameworks */ = {isa = PBXBuildFile; productRef = F93160B22A2F3A8B003A96EC /* SnapshotTesting */; };
		F93160B52A2F7216003A96EC /* StatisticCell.swift in Sources */ = {isa = PBXBuildFile; fileRef = F93160B42A2F7216003A96EC /* StatisticCell.swift */; };
		F93DBC4C2A1D2E8D00E9D7AB /* DaysUpdatingView.swift in Sources */ = {isa = PBXBuildFile; fileRef = F93DBC4B2A1D2E8D00E9D7AB /* DaysUpdatingView.swift */; };
		F946FB562A1938CB00579E93 /* AlertPresenter.swift in Sources */ = {isa = PBXBuildFile; fileRef = F946FB552A1938CB00579E93 /* AlertPresenter.swift */; };
		F967CCC029E08C2F00E3C811 /* DataSource.swift in Sources */ = {isa = PBXBuildFile; fileRef = F967CCBF29E08C2F00E3C811 /* DataSource.swift */; };
		F967CCCD29E1604B00E3C811 /* WeekDays.swift in Sources */ = {isa = PBXBuildFile; fileRef = F967CCCC29E1604B00E3C811 /* WeekDays.swift */; };
		F967CCF229E1B5CE00E3C811 /* CategoriesListViewController.swift in Sources */ = {isa = PBXBuildFile; fileRef = F967CCF129E1B5CE00E3C811 /* CategoriesListViewController.swift */; };
		F967CCF529E1B78900E3C811 /* ActionButton.swift in Sources */ = {isa = PBXBuildFile; fileRef = F967CCF429E1B78900E3C811 /* ActionButton.swift */; };
		F967CCF729E1BA8200E3C811 /* UIFont+Extension.swift in Sources */ = {isa = PBXBuildFile; fileRef = F967CCF629E1BA8200E3C811 /* UIFont+Extension.swift */; };
		F967CCF929E1C75F00E3C811 /* FrameViewController.swift in Sources */ = {isa = PBXBuildFile; fileRef = F967CCF829E1C75F00E3C811 /* FrameViewController.swift */; };
		F96F65E929F05DE800C72A6A /* TrackerModel.xcdatamodeld in Sources */ = {isa = PBXBuildFile; fileRef = F96F65E729F05DE800C72A6A /* TrackerModel.xcdatamodeld */; };
		F970880C2A2E4C4A008DD1DE /* swiftgen.yml in Resources */ = {isa = PBXBuildFile; fileRef = F970880B2A2E4C4A008DD1DE /* swiftgen.yml */; };
		F970EF092A0A6BC800AAAA84 /* AuthService.swift in Sources */ = {isa = PBXBuildFile; fileRef = F970EF082A0A6BC800AAAA84 /* AuthService.swift */; };
		F970EF0B2A0A6F4B00AAAA84 /* SplashViewController.swift in Sources */ = {isa = PBXBuildFile; fileRef = F970EF0A2A0A6F4B00AAAA84 /* SplashViewController.swift */; };
		F970EF0D2A0A725D00AAAA84 /* OnboardingPageViewController.swift in Sources */ = {isa = PBXBuildFile; fileRef = F970EF0C2A0A725D00AAAA84 /* OnboardingPageViewController.swift */; };
		F970EFEC2A0E934900AAAA84 /* Localizable.strings in Resources */ = {isa = PBXBuildFile; fileRef = F970EFEE2A0E934900AAAA84 /* Localizable.strings */; };
		F970EFF42A0EC75400AAAA84 /* Localizable.stringsdict in Resources */ = {isa = PBXBuildFile; fileRef = F970EFF62A0EC75400AAAA84 /* Localizable.stringsdict */; };
		F970EFFC2A0FFE0400AAAA84 /* InfoPlist.strings in Resources */ = {isa = PBXBuildFile; fileRef = F970EFFE2A0FFE0400AAAA84 /* InfoPlist.strings */; };
		F97774B329D2D69C00959E7C /* MainTabBarController.swift in Sources */ = {isa = PBXBuildFile; fileRef = F97774B229D2D69C00959E7C /* MainTabBarController.swift */; };
		F97774B529D2DB5900959E7C /* StatisticViewController.swift in Sources */ = {isa = PBXBuildFile; fileRef = F97774B429D2DB5900959E7C /* StatisticViewController.swift */; };
		F97774B929D2EA6C00959E7C /* TrackerHeaderView.swift in Sources */ = {isa = PBXBuildFile; fileRef = F97774B829D2EA6C00959E7C /* TrackerHeaderView.swift */; };
		F97774DD29D3360100959E7C /* SearchView.swift in Sources */ = {isa = PBXBuildFile; fileRef = F97774DC29D3360100959E7C /* SearchView.swift */; };
		F97774DF29D34F7700959E7C /* GeometryParams.swift in Sources */ = {isa = PBXBuildFile; fileRef = F97774DE29D34F7700959E7C /* GeometryParams.swift */; };
		F97774E129D35AB600959E7C /* TrackerCollectionViewCell.swift in Sources */ = {isa = PBXBuildFile; fileRef = F97774E029D35AB600959E7C /* TrackerCollectionViewCell.swift */; };
		F97774E329D3631500959E7C /* UIView+Extension.swift in Sources */ = {isa = PBXBuildFile; fileRef = F97774E229D3631500959E7C /* UIView+Extension.swift */; };
		F97774E729D3722F00959E7C /* Tracker.swift in Sources */ = {isa = PBXBuildFile; fileRef = F97774E629D3722F00959E7C /* Tracker.swift */; };
		F97774E929D3728C00959E7C /* TrackerCategory.swift in Sources */ = {isa = PBXBuildFile; fileRef = F97774E829D3728C00959E7C /* TrackerCategory.swift */; };
		F97774EB29D377AA00959E7C /* TrackerRecord.swift in Sources */ = {isa = PBXBuildFile; fileRef = F97774EA29D377AA00959E7C /* TrackerRecord.swift */; };
		F97774EF29D4456100959E7C /* TrackerCollectionHeader.swift in Sources */ = {isa = PBXBuildFile; fileRef = F97774EE29D4456100959E7C /* TrackerCollectionHeader.swift */; };
		F97774F129D44CD900959E7C /* ChooseTrackerViewController.swift in Sources */ = {isa = PBXBuildFile; fileRef = F97774F029D44CD800959E7C /* ChooseTrackerViewController.swift */; };
		F978FA982A2A610C002F415F /* SplashViewModel.swift in Sources */ = {isa = PBXBuildFile; fileRef = F978FA972A2A610C002F415F /* SplashViewModel.swift */; };
		F978FA9C2A2A6D69002F415F /* StoreProtocol.swift in Sources */ = {isa = PBXBuildFile; fileRef = F978FA9B2A2A6D69002F415F /* StoreProtocol.swift */; };
		F97E3C0629FE7056001C252E /* CategoriesListViewModel.swift in Sources */ = {isa = PBXBuildFile; fileRef = F97E3C0529FE7056001C252E /* CategoriesListViewModel.swift */; };
		F97E3C0D29FEC053001C252E /* CategoryViewModel.swift in Sources */ = {isa = PBXBuildFile; fileRef = F97E3C0C29FEC053001C252E /* CategoryViewModel.swift */; };
		F97E3C0F29FEF905001C252E /* CreateTrackerViewModel.swift in Sources */ = {isa = PBXBuildFile; fileRef = F97E3C0E29FEF905001C252E /* CreateTrackerViewModel.swift */; };
		F97E8FD929E328B4002BB0C8 /* UITableView+Extension.swift in Sources */ = {isa = PBXBuildFile; fileRef = F97E8FD829E328B4002BB0C8 /* UITableView+Extension.swift */; };
		F97E8FDD29E34CFA002BB0C8 /* CreateNewCategoryViewController.swift in Sources */ = {isa = PBXBuildFile; fileRef = F97E8FDC29E34CFA002BB0C8 /* CreateNewCategoryViewController.swift */; };
		F97E8FDF29E34E2B002BB0C8 /* TrackerUITextField.swift in Sources */ = {isa = PBXBuildFile; fileRef = F97E8FDE29E34E2B002BB0C8 /* TrackerUITextField.swift */; };
		F97E8FE229E3FF82002BB0C8 /* CGFloat+Extension.swift in Sources */ = {isa = PBXBuildFile; fileRef = F97E8FE129E3FF82002BB0C8 /* CGFloat+Extension.swift */; };
		F97E8FE429E407E5002BB0C8 /* UICollectionView+Extension.swift in Sources */ = {isa = PBXBuildFile; fileRef = F97E8FE329E407E5002BB0C8 /* UICollectionView+Extension.swift */; };
		F98235CF29FBD1E700B7CEEC /* OnboardingViewController.swift in Sources */ = {isa = PBXBuildFile; fileRef = F98235CE29FBD1E700B7CEEC /* OnboardingViewController.swift */; };
		F98840D729F1408B00422FD5 /* TrackerStore.swift in Sources */ = {isa = PBXBuildFile; fileRef = F98840D629F1408B00422FD5 /* TrackerStore.swift */; };
		F98840D929F1409500422FD5 /* TrackerCategoryStore.swift in Sources */ = {isa = PBXBuildFile; fileRef = F98840D829F1409500422FD5 /* TrackerCategoryStore.swift */; };
		F98840DB29F140AC00422FD5 /* TrackerRecordStore.swift in Sources */ = {isa = PBXBuildFile; fileRef = F98840DA29F140AC00422FD5 /* TrackerRecordStore.swift */; };
		F98840DF29F1699F00422FD5 /* DataProvider.swift in Sources */ = {isa = PBXBuildFile; fileRef = F98840DE29F1699F00422FD5 /* DataProvider.swift */; };
		F991EF7F2A2E327B009B7EE7 /* Colors.xcassets in Resources */ = {isa = PBXBuildFile; fileRef = F991EF7E2A2E327B009B7EE7 /* Colors.xcassets */; };
		F99767102A30B0A9009D0B65 /* StatisticViewModel.swift in Sources */ = {isa = PBXBuildFile; fileRef = F997670F2A30B0A9009D0B65 /* StatisticViewModel.swift */; };
		F99B2EAA2A2E51F4007B6E30 /* XCAssets+Generated.swift in Sources */ = {isa = PBXBuildFile; fileRef = F99B2EA82A2E51F4007B6E30 /* XCAssets+Generated.swift */; };
		F99B2EAB2A2E51F4007B6E30 /* Strings+Generated.swift in Sources */ = {isa = PBXBuildFile; fileRef = F99B2EA92A2E51F4007B6E30 /* Strings+Generated.swift */; };
		F9A68DF72A2F992D0074E1BC /* AnalyticsService.swift in Sources */ = {isa = PBXBuildFile; fileRef = F9A68DF62A2F992D0074E1BC /* AnalyticsService.swift */; };
		F9B926E129E7E57200D98F28 /* UIButton+Extension.swift in Sources */ = {isa = PBXBuildFile; fileRef = F9B926E029E7E57200D98F28 /* UIButton+Extension.swift */; };
		F9B926E529E85BEB00D98F28 /* Array+Extension.swift in Sources */ = {isa = PBXBuildFile; fileRef = F9B926E429E85BEB00D98F28 /* Array+Extension.swift */; };
		F9CB70AF2A35F7ED000BA9AB /* PredicateBuilder.swift in Sources */ = {isa = PBXBuildFile; fileRef = F9CB70AE2A35F7ED000BA9AB /* PredicateBuilder.swift */; };
		F9CB70B12A3612E2000BA9AB /* BatchUpdates.swift in Sources */ = {isa = PBXBuildFile; fileRef = F9CB70B02A3612E2000BA9AB /* BatchUpdates.swift */; };
		F9EC69BC29E2C76E00D77C5F /* CategoryTableViewCell.swift in Sources */ = {isa = PBXBuildFile; fileRef = F9EC69BB29E2C76E00D77C5F /* CategoryTableViewCell.swift */; };
		F9F1233029D897B60039D1B3 /* CreateTrackerViewController.swift in Sources */ = {isa = PBXBuildFile; fileRef = F9F1232F29D897B60039D1B3 /* CreateTrackerViewController.swift */; };
		F9F1233B29D899050039D1B3 /* CreateTrackerCollectionReusableView.swift in Sources */ = {isa = PBXBuildFile; fileRef = F9F1233529D899050039D1B3 /* CreateTrackerCollectionReusableView.swift */; };
		F9F1233C29D899050039D1B3 /* CreateTrackerCollectionColorCell.swift in Sources */ = {isa = PBXBuildFile; fileRef = F9F1233629D899050039D1B3 /* CreateTrackerCollectionColorCell.swift */; };
		F9F1233E29D899050039D1B3 /* CreateTrackerCollectionEmojiCell.swift in Sources */ = {isa = PBXBuildFile; fileRef = F9F1233829D899050039D1B3 /* CreateTrackerCollectionEmojiCell.swift */; };
		F9F1234029D899050039D1B3 /* CreateTrackerTableViewCell.swift in Sources */ = {isa = PBXBuildFile; fileRef = F9F1233A29D899050039D1B3 /* CreateTrackerTableViewCell.swift */; };
		F9F1236229D8ADE90039D1B3 /* PlaceholderView.swift in Sources */ = {isa = PBXBuildFile; fileRef = F9F1236129D8ADE90039D1B3 /* PlaceholderView.swift */; };
		F9F1236429D9E25C0039D1B3 /* TrackerManager.swift in Sources */ = {isa = PBXBuildFile; fileRef = F9F1236329D9E25C0039D1B3 /* TrackerManager.swift */; };
		F9F1236829DB60A40039D1B3 /* Date+Extension.swift in Sources */ = {isa = PBXBuildFile; fileRef = F9F1236729DB60A40039D1B3 /* Date+Extension.swift */; };
		F9F1236A29DC282D0039D1B3 /* ChooseScheduleViewController.swift in Sources */ = {isa = PBXBuildFile; fileRef = F9F1236929DC282C0039D1B3 /* ChooseScheduleViewController.swift */; };
		F9F1238C29DC35440039D1B3 /* ScheduleTableViewCell.swift in Sources */ = {isa = PBXBuildFile; fileRef = F9F1238B29DC35440039D1B3 /* ScheduleTableViewCell.swift */; };
		F9FF0A022A2CCA5400E43C9B /* FiltersViewController.swift in Sources */ = {isa = PBXBuildFile; fileRef = F9FF0A012A2CCA5400E43C9B /* FiltersViewController.swift */; };
/* End PBXBuildFile section */

/* Begin PBXContainerItemProxy section */
		F93160AC2A2F39BA003A96EC /* PBXContainerItemProxy */ = {
			isa = PBXContainerItemProxy;
			containerPortal = F918017A29CEECCB00767F16 /* Project object */;
			proxyType = 1;
			remoteGlobalIDString = F918018129CEECCB00767F16;
			remoteInfo = Tracker;
		};
/* End PBXContainerItemProxy section */

/* Begin PBXFileReference section */
		22990259E9F510BC2DA5D2A5 /* Pods-Tracker.release.xcconfig */ = {isa = PBXFileReference; includeInIndex = 1; lastKnownFileType = text.xcconfig; name = "Pods-Tracker.release.xcconfig"; path = "Target Support Files/Pods-Tracker/Pods-Tracker.release.xcconfig"; sourceTree = "<group>"; };
		58B9A4EF9054CDCB8ED312C4 /* Pods-Tracker.debug.xcconfig */ = {isa = PBXFileReference; includeInIndex = 1; lastKnownFileType = text.xcconfig; name = "Pods-Tracker.debug.xcconfig"; path = "Target Support Files/Pods-Tracker/Pods-Tracker.debug.xcconfig"; sourceTree = "<group>"; };
		90003960EBE3DE9E0500D2BE /* Pods_Tracker.framework */ = {isa = PBXFileReference; explicitFileType = wrapper.framework; includeInIndex = 0; path = Pods_Tracker.framework; sourceTree = BUILT_PRODUCTS_DIR; };
		92CEE565C5D247F260201C45 /* Pods-TrackerTests.debug.xcconfig */ = {isa = PBXFileReference; includeInIndex = 1; lastKnownFileType = text.xcconfig; name = "Pods-TrackerTests.debug.xcconfig"; path = "Target Support Files/Pods-TrackerTests/Pods-TrackerTests.debug.xcconfig"; sourceTree = "<group>"; };
		A17A78F0994E9A43ED63EB72 /* Pods-TrackerTests.release.xcconfig */ = {isa = PBXFileReference; includeInIndex = 1; lastKnownFileType = text.xcconfig; name = "Pods-TrackerTests.release.xcconfig"; path = "Target Support Files/Pods-TrackerTests/Pods-TrackerTests.release.xcconfig"; sourceTree = "<group>"; };
		ED63C7EF66FAEB751E0D5348 /* Pods_TrackerTests.framework */ = {isa = PBXFileReference; explicitFileType = wrapper.framework; includeInIndex = 0; path = Pods_TrackerTests.framework; sourceTree = BUILT_PRODUCTS_DIR; };
		F9053E782A2C806400C93CC7 /* CreateNewCategoryViewModel.swift */ = {isa = PBXFileReference; lastKnownFileType = sourcecode.swift; path = CreateNewCategoryViewModel.swift; sourceTree = "<group>"; };
		F918018229CEECCB00767F16 /* Tracker.app */ = {isa = PBXFileReference; explicitFileType = wrapper.application; includeInIndex = 0; path = Tracker.app; sourceTree = BUILT_PRODUCTS_DIR; };
		F918018529CEECCB00767F16 /* AppDelegate.swift */ = {isa = PBXFileReference; lastKnownFileType = sourcecode.swift; path = AppDelegate.swift; sourceTree = "<group>"; };
		F918018729CEECCB00767F16 /* SceneDelegate.swift */ = {isa = PBXFileReference; lastKnownFileType = sourcecode.swift; path = SceneDelegate.swift; sourceTree = "<group>"; };
		F918018929CEECCB00767F16 /* TrackersViewController.swift */ = {isa = PBXFileReference; lastKnownFileType = sourcecode.swift; path = TrackersViewController.swift; sourceTree = "<group>"; };
		F918018E29CEECCC00767F16 /* Assets.xcassets */ = {isa = PBXFileReference; lastKnownFileType = folder.assetcatalog; path = Assets.xcassets; sourceTree = "<group>"; };
		F918019129CEECCC00767F16 /* Base */ = {isa = PBXFileReference; lastKnownFileType = file.storyboard; name = Base; path = Base.lproj/LaunchScreen.storyboard; sourceTree = "<group>"; };
		F918019329CEECCC00767F16 /* Info.plist */ = {isa = PBXFileReference; lastKnownFileType = text.plist.xml; path = Info.plist; sourceTree = "<group>"; };
		F918019A29CEED3C00767F16 /* UIColor+Extension.swift */ = {isa = PBXFileReference; lastKnownFileType = sourcecode.swift; path = "UIColor+Extension.swift"; sourceTree = "<group>"; };
		F93160A82A2F39BA003A96EC /* TrackerTests.xctest */ = {isa = PBXFileReference; explicitFileType = wrapper.cfbundle; includeInIndex = 0; path = TrackerTests.xctest; sourceTree = BUILT_PRODUCTS_DIR; };
		F93160AA2A2F39BA003A96EC /* TrackerTests.swift */ = {isa = PBXFileReference; lastKnownFileType = sourcecode.swift; path = TrackerTests.swift; sourceTree = "<group>"; };
		F93160B42A2F7216003A96EC /* StatisticCell.swift */ = {isa = PBXFileReference; lastKnownFileType = sourcecode.swift; path = StatisticCell.swift; sourceTree = "<group>"; };
		F93DBC4B2A1D2E8D00E9D7AB /* DaysUpdatingView.swift */ = {isa = PBXFileReference; lastKnownFileType = sourcecode.swift; path = DaysUpdatingView.swift; sourceTree = "<group>"; };
		F946FB552A1938CB00579E93 /* AlertPresenter.swift */ = {isa = PBXFileReference; lastKnownFileType = sourcecode.swift; path = AlertPresenter.swift; sourceTree = "<group>"; };
		F967CCBF29E08C2F00E3C811 /* DataSource.swift */ = {isa = PBXFileReference; lastKnownFileType = sourcecode.swift; path = DataSource.swift; sourceTree = "<group>"; };
		F967CCCC29E1604B00E3C811 /* WeekDays.swift */ = {isa = PBXFileReference; lastKnownFileType = sourcecode.swift; path = WeekDays.swift; sourceTree = "<group>"; };
		F967CCF129E1B5CE00E3C811 /* CategoriesListViewController.swift */ = {isa = PBXFileReference; lastKnownFileType = sourcecode.swift; path = CategoriesListViewController.swift; sourceTree = "<group>"; };
		F967CCF429E1B78900E3C811 /* ActionButton.swift */ = {isa = PBXFileReference; lastKnownFileType = sourcecode.swift; path = ActionButton.swift; sourceTree = "<group>"; };
		F967CCF629E1BA8200E3C811 /* UIFont+Extension.swift */ = {isa = PBXFileReference; lastKnownFileType = sourcecode.swift; path = "UIFont+Extension.swift"; sourceTree = "<group>"; };
		F967CCF829E1C75F00E3C811 /* FrameViewController.swift */ = {isa = PBXFileReference; lastKnownFileType = sourcecode.swift; path = FrameViewController.swift; sourceTree = "<group>"; };
		F96F65E829F05DE800C72A6A /* CoreDataTracker.xcdatamodel */ = {isa = PBXFileReference; lastKnownFileType = wrapper.xcdatamodel; path = CoreDataTracker.xcdatamodel; sourceTree = "<group>"; };
		F970880B2A2E4C4A008DD1DE /* swiftgen.yml */ = {isa = PBXFileReference; fileEncoding = 4; lastKnownFileType = text.yaml; path = swiftgen.yml; sourceTree = "<group>"; };
		F970EF082A0A6BC800AAAA84 /* AuthService.swift */ = {isa = PBXFileReference; lastKnownFileType = sourcecode.swift; path = AuthService.swift; sourceTree = "<group>"; };
		F970EF0A2A0A6F4B00AAAA84 /* SplashViewController.swift */ = {isa = PBXFileReference; lastKnownFileType = sourcecode.swift; path = SplashViewController.swift; sourceTree = "<group>"; };
		F970EF0C2A0A725D00AAAA84 /* OnboardingPageViewController.swift */ = {isa = PBXFileReference; lastKnownFileType = sourcecode.swift; path = OnboardingPageViewController.swift; sourceTree = "<group>"; };
		F970EFED2A0E934900AAAA84 /* en */ = {isa = PBXFileReference; lastKnownFileType = text.plist.strings; name = en; path = en.lproj/Localizable.strings; sourceTree = "<group>"; };
		F970EFEF2A0E937100AAAA84 /* ru */ = {isa = PBXFileReference; lastKnownFileType = text.plist.strings; name = ru; path = ru.lproj/Localizable.strings; sourceTree = "<group>"; };
		F970EFF52A0EC75400AAAA84 /* en */ = {isa = PBXFileReference; lastKnownFileType = text.plist.stringsdict; name = en; path = en.lproj/Localizable.stringsdict; sourceTree = "<group>"; };
		F970EFF72A0EC75700AAAA84 /* ru */ = {isa = PBXFileReference; lastKnownFileType = text.plist.stringsdict; name = ru; path = ru.lproj/Localizable.stringsdict; sourceTree = "<group>"; };
		F970EFFD2A0FFE0400AAAA84 /* en */ = {isa = PBXFileReference; lastKnownFileType = text.plist.strings; name = en; path = en.lproj/InfoPlist.strings; sourceTree = "<group>"; };
		F970EFFF2A0FFE0700AAAA84 /* ru */ = {isa = PBXFileReference; lastKnownFileType = text.plist.strings; name = ru; path = ru.lproj/InfoPlist.strings; sourceTree = "<group>"; };
		F97774B229D2D69C00959E7C /* MainTabBarController.swift */ = {isa = PBXFileReference; lastKnownFileType = sourcecode.swift; path = MainTabBarController.swift; sourceTree = "<group>"; };
		F97774B429D2DB5900959E7C /* StatisticViewController.swift */ = {isa = PBXFileReference; lastKnownFileType = sourcecode.swift; path = StatisticViewController.swift; sourceTree = "<group>"; };
		F97774B829D2EA6C00959E7C /* TrackerHeaderView.swift */ = {isa = PBXFileReference; lastKnownFileType = sourcecode.swift; path = TrackerHeaderView.swift; sourceTree = "<group>"; };
		F97774DC29D3360100959E7C /* SearchView.swift */ = {isa = PBXFileReference; lastKnownFileType = sourcecode.swift; path = SearchView.swift; sourceTree = "<group>"; };
		F97774DE29D34F7700959E7C /* GeometryParams.swift */ = {isa = PBXFileReference; lastKnownFileType = sourcecode.swift; path = GeometryParams.swift; sourceTree = "<group>"; };
		F97774E029D35AB600959E7C /* TrackerCollectionViewCell.swift */ = {isa = PBXFileReference; lastKnownFileType = sourcecode.swift; path = TrackerCollectionViewCell.swift; sourceTree = "<group>"; };
		F97774E229D3631500959E7C /* UIView+Extension.swift */ = {isa = PBXFileReference; lastKnownFileType = sourcecode.swift; path = "UIView+Extension.swift"; sourceTree = "<group>"; };
		F97774E629D3722F00959E7C /* Tracker.swift */ = {isa = PBXFileReference; lastKnownFileType = sourcecode.swift; path = Tracker.swift; sourceTree = "<group>"; };
		F97774E829D3728C00959E7C /* TrackerCategory.swift */ = {isa = PBXFileReference; lastKnownFileType = sourcecode.swift; path = TrackerCategory.swift; sourceTree = "<group>"; };
		F97774EA29D377AA00959E7C /* TrackerRecord.swift */ = {isa = PBXFileReference; lastKnownFileType = sourcecode.swift; path = TrackerRecord.swift; sourceTree = "<group>"; };
		F97774EE29D4456100959E7C /* TrackerCollectionHeader.swift */ = {isa = PBXFileReference; lastKnownFileType = sourcecode.swift; path = TrackerCollectionHeader.swift; sourceTree = "<group>"; };
		F97774F029D44CD800959E7C /* ChooseTrackerViewController.swift */ = {isa = PBXFileReference; lastKnownFileType = sourcecode.swift; path = ChooseTrackerViewController.swift; sourceTree = "<group>"; };
		F978FA972A2A610C002F415F /* SplashViewModel.swift */ = {isa = PBXFileReference; lastKnownFileType = sourcecode.swift; path = SplashViewModel.swift; sourceTree = "<group>"; };
		F978FA9B2A2A6D69002F415F /* StoreProtocol.swift */ = {isa = PBXFileReference; lastKnownFileType = sourcecode.swift; path = StoreProtocol.swift; sourceTree = "<group>"; };
		F97E3C0529FE7056001C252E /* CategoriesListViewModel.swift */ = {isa = PBXFileReference; lastKnownFileType = sourcecode.swift; path = CategoriesListViewModel.swift; sourceTree = "<group>"; };
		F97E3C0C29FEC053001C252E /* CategoryViewModel.swift */ = {isa = PBXFileReference; lastKnownFileType = sourcecode.swift; path = CategoryViewModel.swift; sourceTree = "<group>"; };
		F97E3C0E29FEF905001C252E /* CreateTrackerViewModel.swift */ = {isa = PBXFileReference; lastKnownFileType = sourcecode.swift; path = CreateTrackerViewModel.swift; sourceTree = "<group>"; };
		F97E8FD829E328B4002BB0C8 /* UITableView+Extension.swift */ = {isa = PBXFileReference; lastKnownFileType = sourcecode.swift; path = "UITableView+Extension.swift"; sourceTree = "<group>"; };
		F97E8FDC29E34CFA002BB0C8 /* CreateNewCategoryViewController.swift */ = {isa = PBXFileReference; lastKnownFileType = sourcecode.swift; path = CreateNewCategoryViewController.swift; sourceTree = "<group>"; };
		F97E8FDE29E34E2B002BB0C8 /* TrackerUITextField.swift */ = {isa = PBXFileReference; lastKnownFileType = sourcecode.swift; path = TrackerUITextField.swift; sourceTree = "<group>"; };
		F97E8FE129E3FF82002BB0C8 /* CGFloat+Extension.swift */ = {isa = PBXFileReference; lastKnownFileType = sourcecode.swift; path = "CGFloat+Extension.swift"; sourceTree = "<group>"; };
		F97E8FE329E407E5002BB0C8 /* UICollectionView+Extension.swift */ = {isa = PBXFileReference; lastKnownFileType = sourcecode.swift; path = "UICollectionView+Extension.swift"; sourceTree = "<group>"; };
		F98235CE29FBD1E700B7CEEC /* OnboardingViewController.swift */ = {isa = PBXFileReference; lastKnownFileType = sourcecode.swift; path = OnboardingViewController.swift; sourceTree = "<group>"; };
		F98840D629F1408B00422FD5 /* TrackerStore.swift */ = {isa = PBXFileReference; lastKnownFileType = sourcecode.swift; path = TrackerStore.swift; sourceTree = "<group>"; };
		F98840D829F1409500422FD5 /* TrackerCategoryStore.swift */ = {isa = PBXFileReference; lastKnownFileType = sourcecode.swift; path = TrackerCategoryStore.swift; sourceTree = "<group>"; };
		F98840DA29F140AC00422FD5 /* TrackerRecordStore.swift */ = {isa = PBXFileReference; lastKnownFileType = sourcecode.swift; path = TrackerRecordStore.swift; sourceTree = "<group>"; };
		F98840DE29F1699F00422FD5 /* DataProvider.swift */ = {isa = PBXFileReference; lastKnownFileType = sourcecode.swift; path = DataProvider.swift; sourceTree = "<group>"; };
		F991EF7E2A2E327B009B7EE7 /* Colors.xcassets */ = {isa = PBXFileReference; lastKnownFileType = folder.assetcatalog; path = Colors.xcassets; sourceTree = "<group>"; };
		F997670F2A30B0A9009D0B65 /* StatisticViewModel.swift */ = {isa = PBXFileReference; lastKnownFileType = sourcecode.swift; path = StatisticViewModel.swift; sourceTree = "<group>"; };
		F99B2EA82A2E51F4007B6E30 /* XCAssets+Generated.swift */ = {isa = PBXFileReference; fileEncoding = 4; lastKnownFileType = sourcecode.swift; path = "XCAssets+Generated.swift"; sourceTree = "<group>"; };
		F99B2EA92A2E51F4007B6E30 /* Strings+Generated.swift */ = {isa = PBXFileReference; fileEncoding = 4; lastKnownFileType = sourcecode.swift; path = "Strings+Generated.swift"; sourceTree = "<group>"; };
		F9A68DF62A2F992D0074E1BC /* AnalyticsService.swift */ = {isa = PBXFileReference; lastKnownFileType = sourcecode.swift; path = AnalyticsService.swift; sourceTree = "<group>"; };
		F9B926E029E7E57200D98F28 /* UIButton+Extension.swift */ = {isa = PBXFileReference; lastKnownFileType = sourcecode.swift; path = "UIButton+Extension.swift"; sourceTree = "<group>"; };
		F9B926E429E85BEB00D98F28 /* Array+Extension.swift */ = {isa = PBXFileReference; lastKnownFileType = sourcecode.swift; path = "Array+Extension.swift"; sourceTree = "<group>"; };
		F9CB70AE2A35F7ED000BA9AB /* PredicateBuilder.swift */ = {isa = PBXFileReference; lastKnownFileType = sourcecode.swift; path = PredicateBuilder.swift; sourceTree = "<group>"; };
		F9CB70B02A3612E2000BA9AB /* BatchUpdates.swift */ = {isa = PBXFileReference; lastKnownFileType = sourcecode.swift; path = BatchUpdates.swift; sourceTree = "<group>"; };
		F9EC69BB29E2C76E00D77C5F /* CategoryTableViewCell.swift */ = {isa = PBXFileReference; lastKnownFileType = sourcecode.swift; path = CategoryTableViewCell.swift; sourceTree = "<group>"; };
		F9F1232F29D897B60039D1B3 /* CreateTrackerViewController.swift */ = {isa = PBXFileReference; lastKnownFileType = sourcecode.swift; path = CreateTrackerViewController.swift; sourceTree = "<group>"; };
		F9F1233529D899050039D1B3 /* CreateTrackerCollectionReusableView.swift */ = {isa = PBXFileReference; fileEncoding = 4; lastKnownFileType = sourcecode.swift; path = CreateTrackerCollectionReusableView.swift; sourceTree = "<group>"; };
		F9F1233629D899050039D1B3 /* CreateTrackerCollectionColorCell.swift */ = {isa = PBXFileReference; fileEncoding = 4; lastKnownFileType = sourcecode.swift; path = CreateTrackerCollectionColorCell.swift; sourceTree = "<group>"; };
		F9F1233829D899050039D1B3 /* CreateTrackerCollectionEmojiCell.swift */ = {isa = PBXFileReference; fileEncoding = 4; lastKnownFileType = sourcecode.swift; path = CreateTrackerCollectionEmojiCell.swift; sourceTree = "<group>"; };
		F9F1233A29D899050039D1B3 /* CreateTrackerTableViewCell.swift */ = {isa = PBXFileReference; fileEncoding = 4; lastKnownFileType = sourcecode.swift; path = CreateTrackerTableViewCell.swift; sourceTree = "<group>"; };
		F9F1236129D8ADE90039D1B3 /* PlaceholderView.swift */ = {isa = PBXFileReference; lastKnownFileType = sourcecode.swift; path = PlaceholderView.swift; sourceTree = "<group>"; };
		F9F1236329D9E25C0039D1B3 /* TrackerManager.swift */ = {isa = PBXFileReference; lastKnownFileType = sourcecode.swift; path = TrackerManager.swift; sourceTree = "<group>"; };
		F9F1236729DB60A40039D1B3 /* Date+Extension.swift */ = {isa = PBXFileReference; lastKnownFileType = sourcecode.swift; path = "Date+Extension.swift"; sourceTree = "<group>"; };
		F9F1236929DC282C0039D1B3 /* ChooseScheduleViewController.swift */ = {isa = PBXFileReference; lastKnownFileType = sourcecode.swift; path = ChooseScheduleViewController.swift; sourceTree = "<group>"; };
		F9F1238B29DC35440039D1B3 /* ScheduleTableViewCell.swift */ = {isa = PBXFileReference; lastKnownFileType = sourcecode.swift; path = ScheduleTableViewCell.swift; sourceTree = "<group>"; };
		F9FF0A012A2CCA5400E43C9B /* FiltersViewController.swift */ = {isa = PBXFileReference; lastKnownFileType = sourcecode.swift; path = FiltersViewController.swift; sourceTree = "<group>"; };
/* End PBXFileReference section */

/* Begin PBXFrameworksBuildPhase section */
		F918017F29CEECCB00767F16 /* Frameworks */ = {
			isa = PBXFrameworksBuildPhase;
			buildActionMask = 2147483647;
			files = (
				D14F4C1BCB15881B7C68AE5C /* Pods_Tracker.framework in Frameworks */,
			);
			runOnlyForDeploymentPostprocessing = 0;
		};
		F93160A52A2F39BA003A96EC /* Frameworks */ = {
			isa = PBXFrameworksBuildPhase;
			buildActionMask = 2147483647;
			files = (
				F93160B32A2F3A8B003A96EC /* SnapshotTesting in Frameworks */,
				526FB3BDFB0484F475E3305F /* Pods_TrackerTests.framework in Frameworks */,
			);
			runOnlyForDeploymentPostprocessing = 0;
		};
/* End PBXFrameworksBuildPhase section */

/* Begin PBXGroup section */
		6417F98C025DEE2E94E3C18E /* Pods */ = {
			isa = PBXGroup;
			children = (
				58B9A4EF9054CDCB8ED312C4 /* Pods-Tracker.debug.xcconfig */,
				22990259E9F510BC2DA5D2A5 /* Pods-Tracker.release.xcconfig */,
				92CEE565C5D247F260201C45 /* Pods-TrackerTests.debug.xcconfig */,
				A17A78F0994E9A43ED63EB72 /* Pods-TrackerTests.release.xcconfig */,
			);
			path = Pods;
			sourceTree = "<group>";
		};
		E28BC347E8C0228B7EC5F3D8 /* Frameworks */ = {
			isa = PBXGroup;
			children = (
				90003960EBE3DE9E0500D2BE /* Pods_Tracker.framework */,
				ED63C7EF66FAEB751E0D5348 /* Pods_TrackerTests.framework */,
			);
			name = Frameworks;
			sourceTree = "<group>";
		};
		F91112762BEFDC630078A43E /* SplashView */ = {
			isa = PBXGroup;
			children = (
				F970EF0A2A0A6F4B00AAAA84 /* SplashViewController.swift */,
				F978FA972A2A610C002F415F /* SplashViewModel.swift */,
			);
			path = SplashView;
			sourceTree = "<group>";
		};
		F91112772BEFDC840078A43E /* PageView */ = {
			isa = PBXGroup;
			children = (
				F970EF0C2A0A725D00AAAA84 /* OnboardingPageViewController.swift */,
			);
			path = PageView;
			sourceTree = "<group>";
		};
		F91112782BEFDC950078A43E /* Onbording */ = {
			isa = PBXGroup;
			children = (
				F98235CE29FBD1E700B7CEEC /* OnboardingViewController.swift */,
			);
			path = Onbording;
			sourceTree = "<group>";
		};
		F91112792BEFDCB40078A43E /* Tracker */ = {
			isa = PBXGroup;
			children = (
				F918018929CEECCB00767F16 /* TrackersViewController.swift */,
				F911127C2BEFDCEE0078A43E /* Head */,
				F911127B2BEFDCDB0078A43E /* Body */,
			);
			path = Tracker;
			sourceTree = "<group>";
		};
		F911127A2BEFDCBC0078A43E /* CollectionViewContent */ = {
			isa = PBXGroup;
			children = (
				F97774EE29D4456100959E7C /* TrackerCollectionHeader.swift */,
				F97774E029D35AB600959E7C /* TrackerCollectionViewCell.swift */,
			);
			path = CollectionViewContent;
			sourceTree = "<group>";
		};
		F911127B2BEFDCDB0078A43E /* Body */ = {
			isa = PBXGroup;
			children = (
				F911127E2BEFDD510078A43E /* SearchView */,
				F911127A2BEFDCBC0078A43E /* CollectionViewContent */,
			);
			path = Body;
			sourceTree = "<group>";
		};
		F911127C2BEFDCEE0078A43E /* Head */ = {
			isa = PBXGroup;
			children = (
				F97774B829D2EA6C00959E7C /* TrackerHeaderView.swift */,
			);
			path = Head;
			sourceTree = "<group>";
		};
		F911127D2BEFDCFA0078A43E /* Filter */ = {
			isa = PBXGroup;
			children = (
				F9FF0A012A2CCA5400E43C9B /* FiltersViewController.swift */,
			);
			path = Filter;
			sourceTree = "<group>";
		};
		F911127E2BEFDD510078A43E /* SearchView */ = {
			isa = PBXGroup;
			children = (
				F97774DC29D3360100959E7C /* SearchView.swift */,
			);
			path = SearchView;
			sourceTree = "<group>";
		};
		F911127F2BEFDDFD0078A43E /* ChooseHabbit */ = {
			isa = PBXGroup;
			children = (
				F97774F029D44CD800959E7C /* ChooseTrackerViewController.swift */,
			);
			path = ChooseHabbit;
			sourceTree = "<group>";
		};
		F91112812BEFDE410078A43E /* CreateTracker */ = {
			isa = PBXGroup;
			children = (
				F9F1232F29D897B60039D1B3 /* CreateTrackerViewController.swift */,
				F97E3C0E29FEF905001C252E /* CreateTrackerViewModel.swift */,
				F967CCC929E0929600E3C811 /* CreateTrackerCells */,
			);
			path = CreateTracker;
			sourceTree = "<group>";
		};
		F91112822BEFE84C0078A43E /* AppLaunch */ = {
			isa = PBXGroup;
			children = (
				F91112762BEFDC630078A43E /* SplashView */,
				F9E4C6D129D6CF0400F10B02 /* TabBar */,
			);
			path = AppLaunch;
			sourceTree = "<group>";
		};
		F918017929CEECCB00767F16 = {
			isa = PBXGroup;
			children = (
				F970880B2A2E4C4A008DD1DE /* swiftgen.yml */,
				F918018429CEECCB00767F16 /* Tracker */,
				F93160A92A2F39BA003A96EC /* TrackerTests */,
				F918018329CEECCB00767F16 /* Products */,
				6417F98C025DEE2E94E3C18E /* Pods */,
				E28BC347E8C0228B7EC5F3D8 /* Frameworks */,
			);
			sourceTree = "<group>";
		};
		F918018329CEECCB00767F16 /* Products */ = {
			isa = PBXGroup;
			children = (
				F918018229CEECCB00767F16 /* Tracker.app */,
				F93160A82A2F39BA003A96EC /* TrackerTests.xctest */,
			);
			name = Products;
			sourceTree = "<group>";
		};
		F918018429CEECCB00767F16 /* Tracker */ = {
			isa = PBXGroup;
			children = (
				F918019329CEECCC00767F16 /* Info.plist */,
				F918019C29CEF35300767F16 /* Application */,
				F91112822BEFE84C0078A43E /* AppLaunch */,
				F97774ED29D4441A00959E7C /* UI */,
				F970EF072A0A6BB700AAAA84 /* Serveses */,
				F97774E529D3722200959E7C /* Models */,
				F96F65EA29F05E0000C72A6A /* CoreDataTracker */,
				F967CCF329E1B6BE00E3C811 /* UIComponents */,
				F918019929CEED2600767F16 /* Resources */,
			);
			path = Tracker;
			sourceTree = "<group>";
		};
		F918019929CEED2600767F16 /* Resources */ = {
			isa = PBXGroup;
			children = (
				F99B2EA72A2E5195007B6E30 /* Generated */,
				F970EFF82A0FFD5400AAAA84 /* Localized */,
				F97E8FE029E3FF5C002BB0C8 /* Style */,
				F970EFF92A0FFD8700AAAA84 /* Other */,
				F918019029CEECCC00767F16 /* LaunchScreen.storyboard */,
				F918018E29CEECCC00767F16 /* Assets.xcassets */,
				F991EF7E2A2E327B009B7EE7 /* Colors.xcassets */,
			);
			path = Resources;
			sourceTree = "<group>";
		};
		F918019C29CEF35300767F16 /* Application */ = {
			isa = PBXGroup;
			children = (
				F918018529CEECCB00767F16 /* AppDelegate.swift */,
				F918018729CEECCB00767F16 /* SceneDelegate.swift */,
			);
			path = Application;
			sourceTree = "<group>";
		};
		F93160A92A2F39BA003A96EC /* TrackerTests */ = {
			isa = PBXGroup;
			children = (
				F93160AA2A2F39BA003A96EC /* TrackerTests.swift */,
			);
			path = TrackerTests;
			sourceTree = "<group>";
		};
		F967CCC929E0929600E3C811 /* CreateTrackerCells */ = {
			isa = PBXGroup;
			children = (
				F9F1233A29D899050039D1B3 /* CreateTrackerTableViewCell.swift */,
				F9F1233529D899050039D1B3 /* CreateTrackerCollectionReusableView.swift */,
				F9F1233829D899050039D1B3 /* CreateTrackerCollectionEmojiCell.swift */,
				F9F1233629D899050039D1B3 /* CreateTrackerCollectionColorCell.swift */,
			);
			path = CreateTrackerCells;
			sourceTree = "<group>";
		};
		F967CCCA29E092CF00E3C811 /* ChooseSchedule */ = {
			isa = PBXGroup;
			children = (
				F9F1236929DC282C0039D1B3 /* ChooseScheduleViewController.swift */,
				F9F1233429D898DD0039D1B3 /* View */,
			);
			path = ChooseSchedule;
			sourceTree = "<group>";
		};
		F967CCCB29E093F800E3C811 /* Statistic */ = {
			isa = PBXGroup;
			children = (
				F97774B429D2DB5900959E7C /* StatisticViewController.swift */,
				F997670F2A30B0A9009D0B65 /* StatisticViewModel.swift */,
				F9FF0A042A2CEBB100E43C9B /* Cell */,
			);
			path = Statistic;
			sourceTree = "<group>";
		};
		F967CCF329E1B6BE00E3C811 /* UIComponents */ = {
			isa = PBXGroup;
			children = (
				F967CCF429E1B78900E3C811 /* ActionButton.swift */,
				F9F1236129D8ADE90039D1B3 /* PlaceholderView.swift */,
				F97E8FDE29E34E2B002BB0C8 /* TrackerUITextField.swift */,
				F967CCF829E1C75F00E3C811 /* FrameViewController.swift */,
				F93DBC4B2A1D2E8D00E9D7AB /* DaysUpdatingView.swift */,
			);
			path = UIComponents;
			sourceTree = "<group>";
		};
		F96F65EA29F05E0000C72A6A /* CoreDataTracker */ = {
			isa = PBXGroup;
			children = (
				F96F65E729F05DE800C72A6A /* TrackerModel.xcdatamodeld */,
				F98840D529F13FB800422FD5 /* CoreDataStores */,
			);
			path = CoreDataTracker;
			sourceTree = "<group>";
		};
		F970EF072A0A6BB700AAAA84 /* Serveses */ = {
			isa = PBXGroup;
			children = (
				F9F1236329D9E25C0039D1B3 /* TrackerManager.swift */,
				F970EF082A0A6BC800AAAA84 /* AuthService.swift */,
				F946FB552A1938CB00579E93 /* AlertPresenter.swift */,
				F9A68DF62A2F992D0074E1BC /* AnalyticsService.swift */,
				F967CCBF29E08C2F00E3C811 /* DataSource.swift */,
			);
			path = Serveses;
			sourceTree = "<group>";
		};
		F970EFF82A0FFD5400AAAA84 /* Localized */ = {
			isa = PBXGroup;
			children = (
				F970EFFE2A0FFE0400AAAA84 /* InfoPlist.strings */,
				F970EFF62A0EC75400AAAA84 /* Localizable.stringsdict */,
				F970EFEE2A0E934900AAAA84 /* Localizable.strings */,
			);
			path = Localized;
			sourceTree = "<group>";
		};
		F970EFF92A0FFD8700AAAA84 /* Other */ = {
			isa = PBXGroup;
			children = (
				F9B926E429E85BEB00D98F28 /* Array+Extension.swift */,
				F918019A29CEED3C00767F16 /* UIColor+Extension.swift */,
				F9B926E029E7E57200D98F28 /* UIButton+Extension.swift */,
				F97E8FD829E328B4002BB0C8 /* UITableView+Extension.swift */,
				F97E8FE329E407E5002BB0C8 /* UICollectionView+Extension.swift */,
				F97774E229D3631500959E7C /* UIView+Extension.swift */,
				F9F1236729DB60A40039D1B3 /* Date+Extension.swift */,
			);
			path = Other;
			sourceTree = "<group>";
		};
		F97774E529D3722200959E7C /* Models */ = {
			isa = PBXGroup;
			children = (
				F97774E629D3722F00959E7C /* Tracker.swift */,
				F97774E829D3728C00959E7C /* TrackerCategory.swift */,
				F97774EA29D377AA00959E7C /* TrackerRecord.swift */,
				F97774DE29D34F7700959E7C /* GeometryParams.swift */,
				F967CCCC29E1604B00E3C811 /* WeekDays.swift */,
				F9CB70B02A3612E2000BA9AB /* BatchUpdates.swift */,
			);
			path = Models;
			sourceTree = "<group>";
		};
		F97774ED29D4441A00959E7C /* UI */ = {
			isa = PBXGroup;
			children = (
				F91112812BEFDE410078A43E /* CreateTracker */,
				F911127F2BEFDDFD0078A43E /* ChooseHabbit */,
				F91112782BEFDC950078A43E /* Onbording */,
				F91112772BEFDC840078A43E /* PageView */,
				F911127D2BEFDCFA0078A43E /* Filter */,
				F91112792BEFDCB40078A43E /* Tracker */,
				F967CCCA29E092CF00E3C811 /* ChooseSchedule */,
				F97E8FDA29E34C77002BB0C8 /* CategoriesList */,
				F977751A29D4BCAB00959E7C /* CreateNewTracker */,
				F967CCCB29E093F800E3C811 /* Statistic */,
			);
			path = UI;
			sourceTree = "<group>";
		};
		F977751A29D4BCAB00959E7C /* CreateNewTracker */ = {
			isa = PBXGroup;
			children = (
				F97E8FDC29E34CFA002BB0C8 /* CreateNewCategoryViewController.swift */,
				F9053E782A2C806400C93CC7 /* CreateNewCategoryViewModel.swift */,
			);
			path = CreateNewTracker;
			sourceTree = "<group>";
		};
		F97E8FDA29E34C77002BB0C8 /* CategoriesList */ = {
			isa = PBXGroup;
			children = (
				F967CCF129E1B5CE00E3C811 /* CategoriesListViewController.swift */,
				F97E3C0529FE7056001C252E /* CategoriesListViewModel.swift */,
				F9EC69BA29E2C75100D77C5F /* Cell */,
			);
			path = CategoriesList;
			sourceTree = "<group>";
		};
		F97E8FE029E3FF5C002BB0C8 /* Style */ = {
			isa = PBXGroup;
			children = (
				F967CCF629E1BA8200E3C811 /* UIFont+Extension.swift */,
				F97E8FE129E3FF82002BB0C8 /* CGFloat+Extension.swift */,
			);
			path = Style;
			sourceTree = "<group>";
		};
		F98840D529F13FB800422FD5 /* CoreDataStores */ = {
			isa = PBXGroup;
			children = (
				F978FA9B2A2A6D69002F415F /* StoreProtocol.swift */,
				F98840D629F1408B00422FD5 /* TrackerStore.swift */,
				F98840D829F1409500422FD5 /* TrackerCategoryStore.swift */,
				F98840DA29F140AC00422FD5 /* TrackerRecordStore.swift */,
				F98840DE29F1699F00422FD5 /* DataProvider.swift */,
				F9CB70AE2A35F7ED000BA9AB /* PredicateBuilder.swift */,
			);
			path = CoreDataStores;
			sourceTree = "<group>";
		};
		F99B2EA72A2E5195007B6E30 /* Generated */ = {
			isa = PBXGroup;
			children = (
				F99B2EA92A2E51F4007B6E30 /* Strings+Generated.swift */,
				F99B2EA82A2E51F4007B6E30 /* XCAssets+Generated.swift */,
			);
			path = Generated;
			sourceTree = "<group>";
		};
		F9E4C6D129D6CF0400F10B02 /* TabBar */ = {
			isa = PBXGroup;
			children = (
				F97774B229D2D69C00959E7C /* MainTabBarController.swift */,
			);
			path = TabBar;
			sourceTree = "<group>";
		};
		F9EC69BA29E2C75100D77C5F /* Cell */ = {
			isa = PBXGroup;
			children = (
				F9EC69BB29E2C76E00D77C5F /* CategoryTableViewCell.swift */,
				F97E3C0C29FEC053001C252E /* CategoryViewModel.swift */,
			);
			path = Cell;
			sourceTree = "<group>";
		};
		F9F1233429D898DD0039D1B3 /* View */ = {
			isa = PBXGroup;
			children = (
				F9F1238B29DC35440039D1B3 /* ScheduleTableViewCell.swift */,
			);
			path = View;
			sourceTree = "<group>";
		};
		F9FF0A042A2CEBB100E43C9B /* Cell */ = {
			isa = PBXGroup;
			children = (
				F93160B42A2F7216003A96EC /* StatisticCell.swift */,
			);
			path = Cell;
			sourceTree = "<group>";
		};
/* End PBXGroup section */

/* Begin PBXNativeTarget section */
		F918018129CEECCB00767F16 /* Tracker */ = {
			isa = PBXNativeTarget;
			buildConfigurationList = F918019629CEECCC00767F16 /* Build configuration list for PBXNativeTarget "Tracker" */;
			buildPhases = (
				89AAE037B535377734AE1ABF /* [CP] Check Pods Manifest.lock */,
				F970880D2A2E4CAF008DD1DE /* ShellScript */,
				F918017E29CEECCB00767F16 /* Sources */,
				F918017F29CEECCB00767F16 /* Frameworks */,
				F918018029CEECCB00767F16 /* Resources */,
				F97774B129D2D4E600959E7C /* SwiftLint */,
			);
			buildRules = (
			);
			dependencies = (
			);
			name = Tracker;
			packageProductDependencies = (
			);
			productName = Tracker;
			productReference = F918018229CEECCB00767F16 /* Tracker.app */;
			productType = "com.apple.product-type.application";
		};
		F93160A72A2F39BA003A96EC /* TrackerTests */ = {
			isa = PBXNativeTarget;
			buildConfigurationList = F93160AE2A2F39BA003A96EC /* Build configuration list for PBXNativeTarget "TrackerTests" */;
			buildPhases = (
				868CF4B9850CEFE2C5BA7C1C /* [CP] Check Pods Manifest.lock */,
				F93160A42A2F39BA003A96EC /* Sources */,
				F93160A52A2F39BA003A96EC /* Frameworks */,
				F93160A62A2F39BA003A96EC /* Resources */,
			);
			buildRules = (
			);
			dependencies = (
				F93160AD2A2F39BA003A96EC /* PBXTargetDependency */,
			);
			name = TrackerTests;
			packageProductDependencies = (
				F93160B22A2F3A8B003A96EC /* SnapshotTesting */,
			);
			productName = TrackerTests;
			productReference = F93160A82A2F39BA003A96EC /* TrackerTests.xctest */;
			productType = "com.apple.product-type.bundle.unit-test";
		};
/* End PBXNativeTarget section */

/* Begin PBXProject section */
		F918017A29CEECCB00767F16 /* Project object */ = {
			isa = PBXProject;
			attributes = {
				BuildIndependentTargetsInParallel = 1;
				LastSwiftUpdateCheck = 1430;
				LastUpgradeCheck = 1420;
				TargetAttributes = {
					F918018129CEECCB00767F16 = {
						CreatedOnToolsVersion = 14.2;
					};
					F93160A72A2F39BA003A96EC = {
						CreatedOnToolsVersion = 14.3.1;
						TestTargetID = F918018129CEECCB00767F16;
					};
				};
			};
			buildConfigurationList = F918017D29CEECCB00767F16 /* Build configuration list for PBXProject "Tracker" */;
			compatibilityVersion = "Xcode 14.0";
			developmentRegion = en;
			hasScannedForEncodings = 0;
			knownRegions = (
				en,
				Base,
				ru,
				ar,
			);
			mainGroup = F918017929CEECCB00767F16;
			packageReferences = (
				F93160B12A2F3A8B003A96EC /* XCRemoteSwiftPackageReference "swift-snapshot-testing" */,
			);
			productRefGroup = F918018329CEECCB00767F16 /* Products */;
			projectDirPath = "";
			projectRoot = "";
			targets = (
				F918018129CEECCB00767F16 /* Tracker */,
				F93160A72A2F39BA003A96EC /* TrackerTests */,
			);
		};
/* End PBXProject section */

/* Begin PBXResourcesBuildPhase section */
		F918018029CEECCB00767F16 /* Resources */ = {
			isa = PBXResourcesBuildPhase;
			buildActionMask = 2147483647;
			files = (
				F918019229CEECCC00767F16 /* LaunchScreen.storyboard in Resources */,
				F970880C2A2E4C4A008DD1DE /* swiftgen.yml in Resources */,
				F970EFF42A0EC75400AAAA84 /* Localizable.stringsdict in Resources */,
				F970EFEC2A0E934900AAAA84 /* Localizable.strings in Resources */,
				F918018F29CEECCC00767F16 /* Assets.xcassets in Resources */,
				F970EFFC2A0FFE0400AAAA84 /* InfoPlist.strings in Resources */,
				F991EF7F2A2E327B009B7EE7 /* Colors.xcassets in Resources */,
			);
			runOnlyForDeploymentPostprocessing = 0;
		};
		F93160A62A2F39BA003A96EC /* Resources */ = {
			isa = PBXResourcesBuildPhase;
			buildActionMask = 2147483647;
			files = (
			);
			runOnlyForDeploymentPostprocessing = 0;
		};
/* End PBXResourcesBuildPhase section */

/* Begin PBXShellScriptBuildPhase section */
		868CF4B9850CEFE2C5BA7C1C /* [CP] Check Pods Manifest.lock */ = {
			isa = PBXShellScriptBuildPhase;
			buildActionMask = 2147483647;
			files = (
			);
			inputFileListPaths = (
			);
			inputPaths = (
				"${PODS_PODFILE_DIR_PATH}/Podfile.lock",
				"${PODS_ROOT}/Manifest.lock",
			);
			name = "[CP] Check Pods Manifest.lock";
			outputFileListPaths = (
			);
			outputPaths = (
				"$(DERIVED_FILE_DIR)/Pods-TrackerTests-checkManifestLockResult.txt",
			);
			runOnlyForDeploymentPostprocessing = 0;
			shellPath = /bin/sh;
			shellScript = "diff \"${PODS_PODFILE_DIR_PATH}/Podfile.lock\" \"${PODS_ROOT}/Manifest.lock\" > /dev/null\nif [ $? != 0 ] ; then\n    # print error to STDERR\n    echo \"error: The sandbox is not in sync with the Podfile.lock. Run 'pod install' or update your CocoaPods installation.\" >&2\n    exit 1\nfi\n# This output is used by Xcode 'outputs' to avoid re-running this script phase.\necho \"SUCCESS\" > \"${SCRIPT_OUTPUT_FILE_0}\"\n";
			showEnvVarsInLog = 0;
		};
		89AAE037B535377734AE1ABF /* [CP] Check Pods Manifest.lock */ = {
			isa = PBXShellScriptBuildPhase;
			buildActionMask = 2147483647;
			files = (
			);
			inputFileListPaths = (
			);
			inputPaths = (
				"${PODS_PODFILE_DIR_PATH}/Podfile.lock",
				"${PODS_ROOT}/Manifest.lock",
			);
			name = "[CP] Check Pods Manifest.lock";
			outputFileListPaths = (
			);
			outputPaths = (
				"$(DERIVED_FILE_DIR)/Pods-Tracker-checkManifestLockResult.txt",
			);
			runOnlyForDeploymentPostprocessing = 0;
			shellPath = /bin/sh;
			shellScript = "diff \"${PODS_PODFILE_DIR_PATH}/Podfile.lock\" \"${PODS_ROOT}/Manifest.lock\" > /dev/null\nif [ $? != 0 ] ; then\n    # print error to STDERR\n    echo \"error: The sandbox is not in sync with the Podfile.lock. Run 'pod install' or update your CocoaPods installation.\" >&2\n    exit 1\nfi\n# This output is used by Xcode 'outputs' to avoid re-running this script phase.\necho \"SUCCESS\" > \"${SCRIPT_OUTPUT_FILE_0}\"\n";
			showEnvVarsInLog = 0;
		};
		F970880D2A2E4CAF008DD1DE /* ShellScript */ = {
			isa = PBXShellScriptBuildPhase;
			buildActionMask = 2147483647;
			files = (
			);
			inputFileListPaths = (
			);
			inputPaths = (
			);
			outputFileListPaths = (
			);
			outputPaths = (
			);
			runOnlyForDeploymentPostprocessing = 0;
			shellPath = /bin/sh;
			shellScript = "if [[ -f \"${PODS_ROOT}/SwiftGen/bin/swiftgen\" ]]; then\n  \"${PODS_ROOT}/SwiftGen/bin/swiftgen\"\nelse\n  echo \"warning: SwiftGen is not installed. Run 'pod install --repo-update' to install it.\"\nfi \n";
		};
		F97774B129D2D4E600959E7C /* SwiftLint */ = {
			isa = PBXShellScriptBuildPhase;
			alwaysOutOfDate = 1;
			buildActionMask = 2147483647;
			files = (
			);
			inputFileListPaths = (
			);
			inputPaths = (
			);
			name = SwiftLint;
			outputFileListPaths = (
			);
			outputPaths = (
			);
			runOnlyForDeploymentPostprocessing = 0;
			shellPath = /bin/sh;
			shellScript = "export PATH=\"$PATH:/opt/homebrew/bin\"\nif which swiftlint > /dev/null; then\n  swiftlint\nelse\n  echo \"warning: SwiftLint not installed, download from https://github.com/realm/SwiftLint\"\nfi\n";
		};
/* End PBXShellScriptBuildPhase section */

/* Begin PBXSourcesBuildPhase section */
		F918017E29CEECCB00767F16 /* Sources */ = {
			isa = PBXSourcesBuildPhase;
			buildActionMask = 2147483647;
			files = (
				F9F1236229D8ADE90039D1B3 /* PlaceholderView.swift in Sources */,
				F97774DD29D3360100959E7C /* SearchView.swift in Sources */,
				F98840DB29F140AC00422FD5 /* TrackerRecordStore.swift in Sources */,
				F97774E729D3722F00959E7C /* Tracker.swift in Sources */,
				F9B926E529E85BEB00D98F28 /* Array+Extension.swift in Sources */,
				F970EF092A0A6BC800AAAA84 /* AuthService.swift in Sources */,
				F9F1233E29D899050039D1B3 /* CreateTrackerCollectionEmojiCell.swift in Sources */,
				F9FF0A022A2CCA5400E43C9B /* FiltersViewController.swift in Sources */,
				F918018A29CEECCB00767F16 /* TrackersViewController.swift in Sources */,
				F967CCF529E1B78900E3C811 /* ActionButton.swift in Sources */,
				F97E8FE229E3FF82002BB0C8 /* CGFloat+Extension.swift in Sources */,
				F9A68DF72A2F992D0074E1BC /* AnalyticsService.swift in Sources */,
				F97E3C0D29FEC053001C252E /* CategoryViewModel.swift in Sources */,
				F967CCC029E08C2F00E3C811 /* DataSource.swift in Sources */,
				F978FA9C2A2A6D69002F415F /* StoreProtocol.swift in Sources */,
				F9053E792A2C806400C93CC7 /* CreateNewCategoryViewModel.swift in Sources */,
				F978FA982A2A610C002F415F /* SplashViewModel.swift in Sources */,
				F97774B929D2EA6C00959E7C /* TrackerHeaderView.swift in Sources */,
				F97774EB29D377AA00959E7C /* TrackerRecord.swift in Sources */,
				F970EF0D2A0A725D00AAAA84 /* OnboardingPageViewController.swift in Sources */,
				F9EC69BC29E2C76E00D77C5F /* CategoryTableViewCell.swift in Sources */,
				F99B2EAB2A2E51F4007B6E30 /* Strings+Generated.swift in Sources */,
				F96F65E929F05DE800C72A6A /* TrackerModel.xcdatamodeld in Sources */,
				F9F1238C29DC35440039D1B3 /* ScheduleTableViewCell.swift in Sources */,
				F97774E329D3631500959E7C /* UIView+Extension.swift in Sources */,
				F97E3C0F29FEF905001C252E /* CreateTrackerViewModel.swift in Sources */,
				F9F1236429D9E25C0039D1B3 /* TrackerManager.swift in Sources */,
				F9CB70AF2A35F7ED000BA9AB /* PredicateBuilder.swift in Sources */,
				F98840D729F1408B00422FD5 /* TrackerStore.swift in Sources */,
				F93DBC4C2A1D2E8D00E9D7AB /* DaysUpdatingView.swift in Sources */,
				F97774F129D44CD900959E7C /* ChooseTrackerViewController.swift in Sources */,
				F97774E929D3728C00959E7C /* TrackerCategory.swift in Sources */,
				F99767102A30B0A9009D0B65 /* StatisticViewModel.swift in Sources */,
				F9F1236A29DC282D0039D1B3 /* ChooseScheduleViewController.swift in Sources */,
				F967CCCD29E1604B00E3C811 /* WeekDays.swift in Sources */,
				F970EF0B2A0A6F4B00AAAA84 /* SplashViewController.swift in Sources */,
				F918018629CEECCB00767F16 /* AppDelegate.swift in Sources */,
				F97E3C0629FE7056001C252E /* CategoriesListViewModel.swift in Sources */,
				F9F1236829DB60A40039D1B3 /* Date+Extension.swift in Sources */,
				F93160B52A2F7216003A96EC /* StatisticCell.swift in Sources */,
				F97774E129D35AB600959E7C /* TrackerCollectionViewCell.swift in Sources */,
				F97774EF29D4456100959E7C /* TrackerCollectionHeader.swift in Sources */,
				F9F1233C29D899050039D1B3 /* CreateTrackerCollectionColorCell.swift in Sources */,
				F98840DF29F1699F00422FD5 /* DataProvider.swift in Sources */,
				F9F1234029D899050039D1B3 /* CreateTrackerTableViewCell.swift in Sources */,
				F9F1233B29D899050039D1B3 /* CreateTrackerCollectionReusableView.swift in Sources */,
				F97774DF29D34F7700959E7C /* GeometryParams.swift in Sources */,
				F97774B329D2D69C00959E7C /* MainTabBarController.swift in Sources */,
				F967CCF729E1BA8200E3C811 /* UIFont+Extension.swift in Sources */,
				F967CCF229E1B5CE00E3C811 /* CategoriesListViewController.swift in Sources */,
				F98235CF29FBD1E700B7CEEC /* OnboardingViewController.swift in Sources */,
				F967CCF929E1C75F00E3C811 /* FrameViewController.swift in Sources */,
				F97774B529D2DB5900959E7C /* StatisticViewController.swift in Sources */,
				F9CB70B12A3612E2000BA9AB /* BatchUpdates.swift in Sources */,
				F946FB562A1938CB00579E93 /* AlertPresenter.swift in Sources */,
				F918018829CEECCB00767F16 /* SceneDelegate.swift in Sources */,
				F97E8FE429E407E5002BB0C8 /* UICollectionView+Extension.swift in Sources */,
				F99B2EAA2A2E51F4007B6E30 /* XCAssets+Generated.swift in Sources */,
				F9F1233029D897B60039D1B3 /* CreateTrackerViewController.swift in Sources */,
				F97E8FDD29E34CFA002BB0C8 /* CreateNewCategoryViewController.swift in Sources */,
				F918019B29CEED3C00767F16 /* UIColor+Extension.swift in Sources */,
				F98840D929F1409500422FD5 /* TrackerCategoryStore.swift in Sources */,
				F97E8FDF29E34E2B002BB0C8 /* TrackerUITextField.swift in Sources */,
				F97E8FD929E328B4002BB0C8 /* UITableView+Extension.swift in Sources */,
				F9B926E129E7E57200D98F28 /* UIButton+Extension.swift in Sources */,
			);
			runOnlyForDeploymentPostprocessing = 0;
		};
		F93160A42A2F39BA003A96EC /* Sources */ = {
			isa = PBXSourcesBuildPhase;
			buildActionMask = 2147483647;
			files = (
				F93160AB2A2F39BA003A96EC /* TrackerTests.swift in Sources */,
			);
			runOnlyForDeploymentPostprocessing = 0;
		};
/* End PBXSourcesBuildPhase section */

/* Begin PBXTargetDependency section */
		F93160AD2A2F39BA003A96EC /* PBXTargetDependency */ = {
			isa = PBXTargetDependency;
			target = F918018129CEECCB00767F16 /* Tracker */;
			targetProxy = F93160AC2A2F39BA003A96EC /* PBXContainerItemProxy */;
		};
/* End PBXTargetDependency section */

/* Begin PBXVariantGroup section */
		F918019029CEECCC00767F16 /* LaunchScreen.storyboard */ = {
			isa = PBXVariantGroup;
			children = (
				F918019129CEECCC00767F16 /* Base */,
			);
			name = LaunchScreen.storyboard;
			sourceTree = "<group>";
		};
		F970EFEE2A0E934900AAAA84 /* Localizable.strings */ = {
			isa = PBXVariantGroup;
			children = (
				F970EFED2A0E934900AAAA84 /* en */,
				F970EFEF2A0E937100AAAA84 /* ru */,
			);
			name = Localizable.strings;
			sourceTree = "<group>";
		};
		F970EFF62A0EC75400AAAA84 /* Localizable.stringsdict */ = {
			isa = PBXVariantGroup;
			children = (
				F970EFF52A0EC75400AAAA84 /* en */,
				F970EFF72A0EC75700AAAA84 /* ru */,
			);
			name = Localizable.stringsdict;
			sourceTree = "<group>";
		};
		F970EFFE2A0FFE0400AAAA84 /* InfoPlist.strings */ = {
			isa = PBXVariantGroup;
			children = (
				F970EFFD2A0FFE0400AAAA84 /* en */,
				F970EFFF2A0FFE0700AAAA84 /* ru */,
			);
			name = InfoPlist.strings;
			sourceTree = "<group>";
		};
/* End PBXVariantGroup section */

/* Begin XCBuildConfiguration section */
		F918019429CEECCC00767F16 /* Debug */ = {
			isa = XCBuildConfiguration;
			buildSettings = {
				ALWAYS_SEARCH_USER_PATHS = NO;
				CLANG_ANALYZER_LOCALIZABILITY_NONLOCALIZED = YES;
				CLANG_ANALYZER_NONNULL = YES;
				CLANG_ANALYZER_NUMBER_OBJECT_CONVERSION = YES_AGGRESSIVE;
				CLANG_CXX_LANGUAGE_STANDARD = "gnu++20";
				CLANG_ENABLE_MODULES = YES;
				CLANG_ENABLE_OBJC_ARC = YES;
				CLANG_ENABLE_OBJC_WEAK = YES;
				CLANG_WARN_BLOCK_CAPTURE_AUTORELEASING = YES;
				CLANG_WARN_BOOL_CONVERSION = YES;
				CLANG_WARN_COMMA = YES;
				CLANG_WARN_CONSTANT_CONVERSION = YES;
				CLANG_WARN_DEPRECATED_OBJC_IMPLEMENTATIONS = YES;
				CLANG_WARN_DIRECT_OBJC_ISA_USAGE = YES_ERROR;
				CLANG_WARN_DOCUMENTATION_COMMENTS = YES;
				CLANG_WARN_EMPTY_BODY = YES;
				CLANG_WARN_ENUM_CONVERSION = YES;
				CLANG_WARN_INFINITE_RECURSION = YES;
				CLANG_WARN_INT_CONVERSION = YES;
				CLANG_WARN_NON_LITERAL_NULL_CONVERSION = YES;
				CLANG_WARN_OBJC_IMPLICIT_RETAIN_SELF = YES;
				CLANG_WARN_OBJC_LITERAL_CONVERSION = YES;
				CLANG_WARN_OBJC_ROOT_CLASS = YES_ERROR;
				CLANG_WARN_QUOTED_INCLUDE_IN_FRAMEWORK_HEADER = YES;
				CLANG_WARN_RANGE_LOOP_ANALYSIS = YES;
				CLANG_WARN_STRICT_PROTOTYPES = YES;
				CLANG_WARN_SUSPICIOUS_MOVE = YES;
				CLANG_WARN_UNGUARDED_AVAILABILITY = YES_AGGRESSIVE;
				CLANG_WARN_UNREACHABLE_CODE = YES;
				CLANG_WARN__DUPLICATE_METHOD_MATCH = YES;
				COPY_PHASE_STRIP = NO;
				DEBUG_INFORMATION_FORMAT = dwarf;
				ENABLE_STRICT_OBJC_MSGSEND = YES;
				ENABLE_TESTABILITY = YES;
				GCC_C_LANGUAGE_STANDARD = gnu11;
				GCC_DYNAMIC_NO_PIC = NO;
				GCC_NO_COMMON_BLOCKS = YES;
				GCC_OPTIMIZATION_LEVEL = 0;
				GCC_PREPROCESSOR_DEFINITIONS = (
					"DEBUG=1",
					"$(inherited)",
				);
				GCC_WARN_64_TO_32_BIT_CONVERSION = YES;
				GCC_WARN_ABOUT_RETURN_TYPE = YES_ERROR;
				GCC_WARN_UNDECLARED_SELECTOR = YES;
				GCC_WARN_UNINITIALIZED_AUTOS = YES_AGGRESSIVE;
				GCC_WARN_UNUSED_FUNCTION = YES;
				GCC_WARN_UNUSED_VARIABLE = YES;
				IPHONEOS_DEPLOYMENT_TARGET = 13.4;
				MTL_ENABLE_DEBUG_INFO = INCLUDE_SOURCE;
				MTL_FAST_MATH = YES;
				ONLY_ACTIVE_ARCH = YES;
				SDKROOT = iphoneos;
				SWIFT_ACTIVE_COMPILATION_CONDITIONS = DEBUG;
				SWIFT_OPTIMIZATION_LEVEL = "-Onone";
			};
			name = Debug;
		};
		F918019529CEECCC00767F16 /* Release */ = {
			isa = XCBuildConfiguration;
			buildSettings = {
				ALWAYS_SEARCH_USER_PATHS = NO;
				CLANG_ANALYZER_LOCALIZABILITY_NONLOCALIZED = YES;
				CLANG_ANALYZER_NONNULL = YES;
				CLANG_ANALYZER_NUMBER_OBJECT_CONVERSION = YES_AGGRESSIVE;
				CLANG_CXX_LANGUAGE_STANDARD = "gnu++20";
				CLANG_ENABLE_MODULES = YES;
				CLANG_ENABLE_OBJC_ARC = YES;
				CLANG_ENABLE_OBJC_WEAK = YES;
				CLANG_WARN_BLOCK_CAPTURE_AUTORELEASING = YES;
				CLANG_WARN_BOOL_CONVERSION = YES;
				CLANG_WARN_COMMA = YES;
				CLANG_WARN_CONSTANT_CONVERSION = YES;
				CLANG_WARN_DEPRECATED_OBJC_IMPLEMENTATIONS = YES;
				CLANG_WARN_DIRECT_OBJC_ISA_USAGE = YES_ERROR;
				CLANG_WARN_DOCUMENTATION_COMMENTS = YES;
				CLANG_WARN_EMPTY_BODY = YES;
				CLANG_WARN_ENUM_CONVERSION = YES;
				CLANG_WARN_INFINITE_RECURSION = YES;
				CLANG_WARN_INT_CONVERSION = YES;
				CLANG_WARN_NON_LITERAL_NULL_CONVERSION = YES;
				CLANG_WARN_OBJC_IMPLICIT_RETAIN_SELF = YES;
				CLANG_WARN_OBJC_LITERAL_CONVERSION = YES;
				CLANG_WARN_OBJC_ROOT_CLASS = YES_ERROR;
				CLANG_WARN_QUOTED_INCLUDE_IN_FRAMEWORK_HEADER = YES;
				CLANG_WARN_RANGE_LOOP_ANALYSIS = YES;
				CLANG_WARN_STRICT_PROTOTYPES = YES;
				CLANG_WARN_SUSPICIOUS_MOVE = YES;
				CLANG_WARN_UNGUARDED_AVAILABILITY = YES_AGGRESSIVE;
				CLANG_WARN_UNREACHABLE_CODE = YES;
				CLANG_WARN__DUPLICATE_METHOD_MATCH = YES;
				COPY_PHASE_STRIP = NO;
				DEBUG_INFORMATION_FORMAT = "dwarf-with-dsym";
				ENABLE_NS_ASSERTIONS = NO;
				ENABLE_STRICT_OBJC_MSGSEND = YES;
				GCC_C_LANGUAGE_STANDARD = gnu11;
				GCC_NO_COMMON_BLOCKS = YES;
				GCC_WARN_64_TO_32_BIT_CONVERSION = YES;
				GCC_WARN_ABOUT_RETURN_TYPE = YES_ERROR;
				GCC_WARN_UNDECLARED_SELECTOR = YES;
				GCC_WARN_UNINITIALIZED_AUTOS = YES_AGGRESSIVE;
				GCC_WARN_UNUSED_FUNCTION = YES;
				GCC_WARN_UNUSED_VARIABLE = YES;
				IPHONEOS_DEPLOYMENT_TARGET = 13.4;
				MTL_ENABLE_DEBUG_INFO = NO;
				MTL_FAST_MATH = YES;
				SDKROOT = iphoneos;
				SWIFT_COMPILATION_MODE = wholemodule;
				SWIFT_OPTIMIZATION_LEVEL = "-O";
				VALIDATE_PRODUCT = YES;
			};
			name = Release;
		};
		F918019729CEECCC00767F16 /* Debug */ = {
			isa = XCBuildConfiguration;
			baseConfigurationReference = 58B9A4EF9054CDCB8ED312C4 /* Pods-Tracker.debug.xcconfig */;
			buildSettings = {
				ASSETCATALOG_COMPILER_APPICON_NAME = AppIcon;
				ASSETCATALOG_COMPILER_GLOBAL_ACCENT_COLOR_NAME = AccentColor;
				CODE_SIGN_STYLE = Automatic;
				CURRENT_PROJECT_VERSION = 1;
				DEVELOPMENT_TEAM = LQ88P485N9;
				GENERATE_INFOPLIST_FILE = YES;
				INFOPLIST_FILE = Tracker/Info.plist;
				INFOPLIST_KEY_UIApplicationSupportsIndirectInputEvents = YES;
				INFOPLIST_KEY_UILaunchStoryboardName = LaunchScreen;
				INFOPLIST_KEY_UIMainStoryboardFile = "";
				INFOPLIST_KEY_UISupportedInterfaceOrientations = UIInterfaceOrientationPortrait;
				INFOPLIST_KEY_UISupportedInterfaceOrientations_iPad = "UIInterfaceOrientationLandscapeLeft UIInterfaceOrientationLandscapeRight";
				LD_RUNPATH_SEARCH_PATHS = (
					"$(inherited)",
					"@executable_path/Frameworks",
				);
				MARKETING_VERSION = 1.0;
				PRODUCT_BUNDLE_IDENTIFIER = qwe.Tracker;
				PRODUCT_NAME = "$(TARGET_NAME)";
				SUPPORTED_PLATFORMS = "iphoneos iphonesimulator";
				SUPPORTS_MACCATALYST = NO;
				SUPPORTS_MAC_DESIGNED_FOR_IPHONE_IPAD = NO;
				SWIFT_EMIT_LOC_STRINGS = YES;
				SWIFT_VERSION = 5.0;
				TARGETED_DEVICE_FAMILY = 1;
			};
			name = Debug;
		};
		F918019829CEECCC00767F16 /* Release */ = {
			isa = XCBuildConfiguration;
			baseConfigurationReference = 22990259E9F510BC2DA5D2A5 /* Pods-Tracker.release.xcconfig */;
			buildSettings = {
				ASSETCATALOG_COMPILER_APPICON_NAME = AppIcon;
				ASSETCATALOG_COMPILER_GLOBAL_ACCENT_COLOR_NAME = AccentColor;
				CODE_SIGN_STYLE = Automatic;
				CURRENT_PROJECT_VERSION = 1;
				DEVELOPMENT_TEAM = LQ88P485N9;
				GENERATE_INFOPLIST_FILE = YES;
				INFOPLIST_FILE = Tracker/Info.plist;
				INFOPLIST_KEY_UIApplicationSupportsIndirectInputEvents = YES;
				INFOPLIST_KEY_UILaunchStoryboardName = LaunchScreen;
				INFOPLIST_KEY_UIMainStoryboardFile = "";
				INFOPLIST_KEY_UISupportedInterfaceOrientations = UIInterfaceOrientationPortrait;
				INFOPLIST_KEY_UISupportedInterfaceOrientations_iPad = "UIInterfaceOrientationLandscapeLeft UIInterfaceOrientationLandscapeRight";
				LD_RUNPATH_SEARCH_PATHS = (
					"$(inherited)",
					"@executable_path/Frameworks",
				);
				MARKETING_VERSION = 1.0;
				PRODUCT_BUNDLE_IDENTIFIER = qwe.Tracker;
				PRODUCT_NAME = "$(TARGET_NAME)";
				SUPPORTED_PLATFORMS = "iphoneos iphonesimulator";
				SUPPORTS_MACCATALYST = NO;
				SUPPORTS_MAC_DESIGNED_FOR_IPHONE_IPAD = NO;
				SWIFT_EMIT_LOC_STRINGS = YES;
				SWIFT_VERSION = 5.0;
				TARGETED_DEVICE_FAMILY = 1;
			};
			name = Release;
		};
		F93160AF2A2F39BA003A96EC /* Debug */ = {
			isa = XCBuildConfiguration;
			baseConfigurationReference = 92CEE565C5D247F260201C45 /* Pods-TrackerTests.debug.xcconfig */;
			buildSettings = {
				BUNDLE_LOADER = "$(TEST_HOST)";
				CODE_SIGN_STYLE = Automatic;
				CURRENT_PROJECT_VERSION = 1;
				DEVELOPMENT_TEAM = LQ88P485N9;
				GENERATE_INFOPLIST_FILE = YES;
				IPHONEOS_DEPLOYMENT_TARGET = 16.4;
				MARKETING_VERSION = 1.0;
				PRODUCT_BUNDLE_IDENTIFIER = sanya.TrackerTests;
				PRODUCT_NAME = "$(TARGET_NAME)";
				SWIFT_EMIT_LOC_STRINGS = NO;
				SWIFT_VERSION = 5.0;
				TARGETED_DEVICE_FAMILY = "1,2";
				TEST_HOST = "$(BUILT_PRODUCTS_DIR)/Tracker.app/$(BUNDLE_EXECUTABLE_FOLDER_PATH)/Tracker";
			};
			name = Debug;
		};
		F93160B02A2F39BA003A96EC /* Release */ = {
			isa = XCBuildConfiguration;
			baseConfigurationReference = A17A78F0994E9A43ED63EB72 /* Pods-TrackerTests.release.xcconfig */;
			buildSettings = {
				BUNDLE_LOADER = "$(TEST_HOST)";
				CODE_SIGN_STYLE = Automatic;
				CURRENT_PROJECT_VERSION = 1;
				DEVELOPMENT_TEAM = LQ88P485N9;
				GENERATE_INFOPLIST_FILE = YES;
				IPHONEOS_DEPLOYMENT_TARGET = 16.4;
				MARKETING_VERSION = 1.0;
				PRODUCT_BUNDLE_IDENTIFIER = sanya.TrackerTests;
				PRODUCT_NAME = "$(TARGET_NAME)";
				SWIFT_EMIT_LOC_STRINGS = NO;
				SWIFT_VERSION = 5.0;
				TARGETED_DEVICE_FAMILY = "1,2";
				TEST_HOST = "$(BUILT_PRODUCTS_DIR)/Tracker.app/$(BUNDLE_EXECUTABLE_FOLDER_PATH)/Tracker";
			};
			name = Release;
		};
/* End XCBuildConfiguration section */

/* Begin XCConfigurationList section */
		F918017D29CEECCB00767F16 /* Build configuration list for PBXProject "Tracker" */ = {
			isa = XCConfigurationList;
			buildConfigurations = (
				F918019429CEECCC00767F16 /* Debug */,
				F918019529CEECCC00767F16 /* Release */,
			);
			defaultConfigurationIsVisible = 0;
			defaultConfigurationName = Release;
		};
		F918019629CEECCC00767F16 /* Build configuration list for PBXNativeTarget "Tracker" */ = {
			isa = XCConfigurationList;
			buildConfigurations = (
				F918019729CEECCC00767F16 /* Debug */,
				F918019829CEECCC00767F16 /* Release */,
			);
			defaultConfigurationIsVisible = 0;
			defaultConfigurationName = Release;
		};
		F93160AE2A2F39BA003A96EC /* Build configuration list for PBXNativeTarget "TrackerTests" */ = {
			isa = XCConfigurationList;
			buildConfigurations = (
				F93160AF2A2F39BA003A96EC /* Debug */,
				F93160B02A2F39BA003A96EC /* Release */,
			);
			defaultConfigurationIsVisible = 0;
			defaultConfigurationName = Release;
		};
/* End XCConfigurationList section */

/* Begin XCRemoteSwiftPackageReference section */
		F93160B12A2F3A8B003A96EC /* XCRemoteSwiftPackageReference "swift-snapshot-testing" */ = {
			isa = XCRemoteSwiftPackageReference;
			repositoryURL = "https://github.com/pointfreeco/swift-snapshot-testing";
			requirement = {
				kind = upToNextMajorVersion;
				minimumVersion = 1.0.0;
			};
		};
/* End XCRemoteSwiftPackageReference section */

/* Begin XCSwiftPackageProductDependency section */
		F93160B22A2F3A8B003A96EC /* SnapshotTesting */ = {
			isa = XCSwiftPackageProductDependency;
			package = F93160B12A2F3A8B003A96EC /* XCRemoteSwiftPackageReference "swift-snapshot-testing" */;
			productName = SnapshotTesting;
		};
/* End XCSwiftPackageProductDependency section */

/* Begin XCVersionGroup section */
		F96F65E729F05DE800C72A6A /* TrackerModel.xcdatamodeld */ = {
			isa = XCVersionGroup;
			children = (
				F96F65E829F05DE800C72A6A /* CoreDataTracker.xcdatamodel */,
			);
			currentVersion = F96F65E829F05DE800C72A6A /* CoreDataTracker.xcdatamodel */;
			path = TrackerModel.xcdatamodeld;
			sourceTree = "<group>";
			versionGroupType = wrapper.xcdatamodel;
		};
/* End XCVersionGroup section */
	};
	rootObject = F918017A29CEECCB00767F16 /* Project object */;
}
